<Solution>
  <Configurations>
    <Platform Name="Any CPU" />
    <Platform Name="x64" />
    <Platform Name="x86" />
  </Configurations>
  <Folder Name="/! Libraries/">
    <Project Path="Libraries/Atom/Atom.csproj" />
    <Project Path="ReLiveWP.Grpc.Services/ReLiveWP.Grpc.Services.csproj" />
    <Project Path="ReLiveWP.Identity/ReLiveWP.Identity.csproj" />
    <Project Path="ReLiveWP.Integration/ReLiveWP.Integration.csproj" />
    <Project Path="ReLiveWP.Passport/ReLiveWP.Passport.csproj" />
    <Project Path="ReLiveWP.ServiceDefaults/ReLiveWP.ServiceDefaults.csproj" />
  </Folder>
  <Folder Name="/! Solution Items/">
    <File Path=".dockerignore" />
    <File Path=".gitattributes" />
    <File Path=".gitignore" />
    <File Path="Directory.Build.props" />
    <File Path="docker-compose.override.yml" />
    <File Path="docker-compose.yml" />
    <File Path="Dockerfile" />
  </Folder>
  <Folder Name="/Activation/">
    <Project Path="ReLiveWP.Backend.DeviceRegistration/ReLiveWP.Backend.DeviceRegistration.csproj" />
    <Project Path="ReLiveWP.Services.Activation/ReLiveWP.Services.Activation.csproj" />
  </Folder>
  <Folder Name="/Auth/">
    <Project Path="ReLiveWP.Backend.ConnectedServices/ReLiveWP.Backend.ConnectedServices.csproj" />
    <Project Path="ReLiveWP.Backend.Identity/ReLiveWP.Backend.Identity.csproj" />
    <Project Path="ReLiveWP.Services.Login/ReLiveWP.Services.Login.csproj" />
  </Folder>
  <Folder Name="/Bing/">
    <Project Path="ReLiveWP.Services.AppServer/ReLiveWP.Services.AppServer.csproj" />
    <Project Path="ReLiveWP.Services.Orion/ReLiveWP.Services.Orion.csproj" />
  </Folder>
  <Folder Name="/DeviceUpdate/">
    <Project Path="ReLiveWP.Backend.DeviceUpdate/ReLiveWP.Backend.DeviceUpdate.csproj" />
  </Folder>
  <Folder Name="/Exchange/">
    <Project Path="ReLiveWP.Backend.Mailbox/ReLiveWP.Backend.Mailbox.csproj" />
    <Project Path="ReLiveWP.Services.AddressBook/ReLiveWP.Services.AddressBook.csproj" />
    <Project Path="ReLiveWP.Services.Exchange/ReLiveWP.Services.Exchange.csproj" />
  </Folder>
  <Folder Name="/Push/">
    <Project Path="ReLiveWP.Services.Push/ReLiveWP.Services.Push.csproj" />
  </Folder>
  <Folder Name="/Services/">
    <Project Path="ReLiveWP.Services.Devices/ReLiveWP.Services.Devices.csproj" />
  </Folder>
  <Folder Name="/Tests/">
    <Project Path="ReLiveWP.Backend.SkyDrive.Tests/ReLiveWP.Backend.SkyDrive.Tests.csproj" />
    <Project Path="ReLiveWP.Services.Activity.Tests/ReLiveWP.Services.Activity.Tests.csproj" />
    <Project Path="ReLiveWP.Services.Docs.Tests/ReLiveWP.Services.Docs.Tests.csproj" />
    <Project Path="ReLiveWP.Backend.Mailbox.Tests/ReLiveWP.Backend.Mailbox.Tests.csproj" />
    <Project Path="ReLiveWP.Services.Exchange.Tests/ReLiveWP.Services.Exchange.Tests.csproj" />
  </Folder>
  <Folder Name="/Windows Live/">
    <Project Path="ReLiveWP.Backend.Skybox/ReLiveWP.Backend.Skybox.csproj" />
    <Project Path="ReLiveWP.Services.Profile/ReLiveWP.Services.Profile.csproj" />
    <Project Path="ReLiveWP.Backend.SkyDrive/ReLiveWP.Backend.SkyDrive.csproj" />
    <Project Path="ReLiveWP.Services.Activity/ReLiveWP.Services.Activity.csproj" />
    <Project Path="ReLiveWP.Services.Docs/ReLiveWP.Services.Docs.csproj" />
    <Project Path="ReLiveWP.Services.FindMyPhone/ReLiveWP.Services.FindMyPhone.csproj" />
    <Project Path="ReLiveWP.Services.Messenger/ReLiveWP.Services.Messenger.csproj" />
  </Folder>
  <Project Path="ReLiveWP.Identity.Tests/ReLiveWP.Identity.Tests.csproj" />
  <Project Path="ReLiveWP.Services.Support/ReLiveWP.Services.Support.csproj" />
  <Project Path="ReLiveWP/ReLiveWP.csproj" />
</Solution>
