
Microsoft Visual Studio Solution File, Format Version 12.00
# Visual Studio Version 17
VisualStudioVersion = 17.0.31410.414
MinimumVisualStudioVersion = 10.0.40219.1
Project("{9A19103F-16F7-4668-BE54-9A1E7A4F7556}") = "ReLiveWP.Services.Activation", "ReLiveWP.Services.Activation\ReLiveWP.Services.Activation.csproj", "{23C095D9-5F72-4086-AEC3-18EB5557B904}"
EndProject
Project("{9A19103F-16F7-4668-BE54-9A1E7A4F7556}") = "ReLiveWP.Backend.DeviceRegistration", "ReLiveWP.Backend.DeviceRegistration\ReLiveWP.Backend.DeviceRegistration.csproj", "{B3C90A92-A8A3-470B-8722-38059965FF1B}"
EndProject
Project("{2150E333-8FDC-42A3-9474-1A3956D46DE8}") = "Frontend", "Frontend", "{E4515B9A-381E-43F5-8B34-25BC4359D357}"
EndProject
Project("{2150E333-8FDC-42A3-9474-1A3956D46DE8}") = "Backend", "Backend", "{F21136F6-B25E-4C0C-848E-812BEEB2688D}"
EndProject
Global
	GlobalSection(SolutionConfigurationPlatforms) = preSolution
		Debug|Any CPU = Debug|Any CPU
		Release|Any CPU = Release|Any CPU
	EndGlobalSection
	GlobalSection(ProjectConfigurationPlatforms) = postSolution
		{23C095D9-5F72-4086-AEC3-18EB5557B904}.Debug|Any CPU.ActiveCfg = Debug|Any CPU
		{23C095D9-5F72-4086-AEC3-18EB5557B904}.Debug|Any CPU.Build.0 = Debug|Any CPU
		{23C095D9-5F72-4086-AEC3-18EB5557B904}.Release|Any CPU.ActiveCfg = Release|Any CPU
		{23C095D9-5F72-4086-AEC3-18EB5557B904}.Release|Any CPU.Build.0 = Release|Any CPU
		{B3C90A92-A8A3-470B-8722-38059965FF1B}.Debug|Any CPU.ActiveCfg = Debug|Any CPU
		{B3C90A92-A8A3-470B-8722-38059965FF1B}.Debug|Any CPU.Build.0 = Debug|Any CPU
		{B3C90A92-A8A3-470B-8722-38059965FF1B}.Release|Any CPU.ActiveCfg = Release|Any CPU
		{B3C90A92-A8A3-470B-8722-38059965FF1B}.Release|Any CPU.Build.0 = Release|Any CPU
	EndGlobalSection
	GlobalSection(SolutionProperties) = preSolution
		HideSolutionNode = FALSE
	EndGlobalSection
	GlobalSection(NestedProjects) = preSolution
		{23C095D9-5F72-4086-AEC3-18EB5557B904} = {E4515B9A-381E-43F5-8B34-25BC4359D357}
		{B3C90A92-A8A3-470B-8722-38059965FF1B} = {F21136F6-B25E-4C0C-848E-812BEEB2688D}
	EndGlobalSection
	GlobalSection(ExtensibilityGlobals) = postSolution
		SolutionGuid = {C918B561-B888-4A59-8EE2-3B9DAE8E3302}
	EndGlobalSection
EndGlobal
