
Microsoft Visual Studio Solution File, Format Version 12.00
# Visual Studio Version 17
VisualStudioVersion = 17.0.31606.5
MinimumVisualStudioVersion = 10.0.40219.1
Project("{9A19103F-16F7-4668-BE54-9A1E7A4F7556}") = "ReLiveWP.Services.Activation", "ReLiveWP.Services.Activation\ReLiveWP.Services.Activation.csproj", "{23C095D9-5F72-4086-AEC3-18EB5557B904}"
EndProject
Project("{FAE04EC0-301F-11D3-BF4B-00C04F79EFBC}") = "ReLiveWP.Backend.Identity", "ReLiveWP.Backend.Identity\ReLiveWP.Backend.Identity.csproj", "{3FD79930-F7E6-499A-AD35-867C044728C4}"
EndProject
Project("{FAE04EC0-301F-11D3-BF4B-00C04F79EFBC}") = "ReLiveWP.Backend.DeviceRegistration", "ReLiveWP.Backend.DeviceRegistration\ReLiveWP.Backend.DeviceRegistration.csproj", "{55F983FF-E75F-420F-AEAA-6809688C7427}"
EndProject
Project("{FAE04EC0-301F-11D3-BF4B-00C04F79EFBC}") = "ReLiveWP.Services.ClientConfiguration", "ReLiveWP.Services.ClientConfiguration\ReLiveWP.Services.ClientConfiguration.csproj", "{4444054A-A848-4708-8F5B-17EEBF9B1CA0}"
EndProject
Project("{FAE04EC0-301F-11D3-BF4B-00C04F79EFBC}") = "ReLiveWP.Identity", "ReLiveWP.Identity\ReLiveWP.Identity.csproj", "{6E0E6C34-CBAB-48EE-9A5C-39D40E4E9ACD}"
EndProject
Project("{FAE04EC0-301F-11D3-BF4B-00C04F79EFBC}") = "ReLiveWP.Services.Login", "ReLiveWP.Services.Login\ReLiveWP.Services.Login.csproj", "{500F80CE-62F7-4E20-9586-366C069511BF}"
EndProject
Project("{FAE04EC0-301F-11D3-BF4B-00C04F79EFBC}") = "ReLiveWP.Backend.DeviceUpdate", "ReLiveWP.Backend.DeviceUpdate\ReLiveWP.Backend.DeviceUpdate.csproj", "{72C71DCE-4E54-41E4-8658-BAC7EC5B46FC}"
EndProject
Project("{2150E333-8FDC-42A3-9474-1A3956D46DE8}") = "Zune", "Zune", "{78F3BFBD-792B-4D22-BFE8-5024284733C9}"
EndProject
Project("{FAE04EC0-301F-11D3-BF4B-00C04F79EFBC}") = "ReLiveWP.Zune", "ReLiveWP.Zune\ReLiveWP.Zune.csproj", "{BF255ADE-4FED-860E-6704-4D4B14D01A6F}"
EndProject
Project("{2150E333-8FDC-42A3-9474-1A3956D46DE8}") = "Backend", "Backend", "{8377506A-7CF3-4F8F-9DD5-5CE8A66B4B42}"
EndProject
Project("{2150E333-8FDC-42A3-9474-1A3956D46DE8}") = "Libraries", "Libraries", "{563909B7-5F9F-4E92-A01E-4B306DF190A9}"
EndProject
Project("{2150E333-8FDC-42A3-9474-1A3956D46DE8}") = "Services", "Services", "{EE4591F3-A643-48B8-A378-624DF4CB6394}"
EndProject
Project("{FAE04EC0-301F-11D3-BF4B-00C04F79EFBC}") = "ReLiveWP.Services.Push", "ReLiveWP.Services.Push\ReLiveWP.Services.Push.csproj", "{3DBB712F-D271-5799-CEBC-623ACE72FE1F}"
EndProject
Project("{FAE04EC0-301F-11D3-BF4B-00C04F79EFBC}") = "ReLiveWP.Zune.Commerce", "ReLiveWP.Zune.Commerce\ReLiveWP.Zune.Commerce.csproj", "{0AF07B1D-A2A8-8F38-1185-0D2351EA8A6A}"
EndProject
Global
	GlobalSection(SolutionConfigurationPlatforms) = preSolution
		Debug|Any CPU = Debug|Any CPU
		Release|Any CPU = Release|Any CPU
	EndGlobalSection
	GlobalSection(ProjectConfigurationPlatforms) = postSolution
		{23C095D9-5F72-4086-AEC3-18EB5557B904}.Debug|Any CPU.ActiveCfg = Debug|Any CPU
		{23C095D9-5F72-4086-AEC3-18EB5557B904}.Debug|Any CPU.Build.0 = Debug|Any CPU
		{23C095D9-5F72-4086-AEC3-18EB5557B904}.Release|Any CPU.ActiveCfg = Release|Any CPU
		{23C095D9-5F72-4086-AEC3-18EB5557B904}.Release|Any CPU.Build.0 = Release|Any CPU
		{3FD79930-F7E6-499A-AD35-867C044728C4}.Debug|Any CPU.ActiveCfg = Debug|Any CPU
		{3FD79930-F7E6-499A-AD35-867C044728C4}.Debug|Any CPU.Build.0 = Debug|Any CPU
		{3FD79930-F7E6-499A-AD35-867C044728C4}.Release|Any CPU.ActiveCfg = Release|Any CPU
		{3FD79930-F7E6-499A-AD35-867C044728C4}.Release|Any CPU.Build.0 = Release|Any CPU
		{55F983FF-E75F-420F-AEAA-6809688C7427}.Debug|Any CPU.ActiveCfg = Debug|Any CPU
		{55F983FF-E75F-420F-AEAA-6809688C7427}.Debug|Any CPU.Build.0 = Debug|Any CPU
		{55F983FF-E75F-420F-AEAA-6809688C7427}.Release|Any CPU.ActiveCfg = Release|Any CPU
		{55F983FF-E75F-420F-AEAA-6809688C7427}.Release|Any CPU.Build.0 = Release|Any CPU
		{4444054A-A848-4708-8F5B-17EEBF9B1CA0}.Debug|Any CPU.ActiveCfg = Debug|Any CPU
		{4444054A-A848-4708-8F5B-17EEBF9B1CA0}.Debug|Any CPU.Build.0 = Debug|Any CPU
		{4444054A-A848-4708-8F5B-17EEBF9B1CA0}.Release|Any CPU.ActiveCfg = Release|Any CPU
		{4444054A-A848-4708-8F5B-17EEBF9B1CA0}.Release|Any CPU.Build.0 = Release|Any CPU
		{6E0E6C34-CBAB-48EE-9A5C-39D40E4E9ACD}.Debug|Any CPU.ActiveCfg = Debug|Any CPU
		{6E0E6C34-CBAB-48EE-9A5C-39D40E4E9ACD}.Debug|Any CPU.Build.0 = Debug|Any CPU
		{6E0E6C34-CBAB-48EE-9A5C-39D40E4E9ACD}.Release|Any CPU.ActiveCfg = Release|Any CPU
		{6E0E6C34-CBAB-48EE-9A5C-39D40E4E9ACD}.Release|Any CPU.Build.0 = Release|Any CPU
		{500F80CE-62F7-4E20-9586-366C069511BF}.Debug|Any CPU.ActiveCfg = Debug|Any CPU
		{500F80CE-62F7-4E20-9586-366C069511BF}.Debug|Any CPU.Build.0 = Debug|Any CPU
		{500F80CE-62F7-4E20-9586-366C069511BF}.Release|Any CPU.ActiveCfg = Release|Any CPU
		{500F80CE-62F7-4E20-9586-366C069511BF}.Release|Any CPU.Build.0 = Release|Any CPU
		{72C71DCE-4E54-41E4-8658-BAC7EC5B46FC}.Debug|Any CPU.ActiveCfg = Debug|Any CPU
		{72C71DCE-4E54-41E4-8658-BAC7EC5B46FC}.Debug|Any CPU.Build.0 = Debug|Any CPU
		{72C71DCE-4E54-41E4-8658-BAC7EC5B46FC}.Release|Any CPU.ActiveCfg = Release|Any CPU
		{72C71DCE-4E54-41E4-8658-BAC7EC5B46FC}.Release|Any CPU.Build.0 = Release|Any CPU
		{BF255ADE-4FED-860E-6704-4D4B14D01A6F}.Debug|Any CPU.ActiveCfg = Debug|Any CPU
		{BF255ADE-4FED-860E-6704-4D4B14D01A6F}.Debug|Any CPU.Build.0 = Debug|Any CPU
		{BF255ADE-4FED-860E-6704-4D4B14D01A6F}.Release|Any CPU.ActiveCfg = Release|Any CPU
		{BF255ADE-4FED-860E-6704-4D4B14D01A6F}.Release|Any CPU.Build.0 = Release|Any CPU
		{3DBB712F-D271-5799-CEBC-623ACE72FE1F}.Debug|Any CPU.ActiveCfg = Debug|Any CPU
		{3DBB712F-D271-5799-CEBC-623ACE72FE1F}.Debug|Any CPU.Build.0 = Debug|Any CPU
		{3DBB712F-D271-5799-CEBC-623ACE72FE1F}.Release|Any CPU.ActiveCfg = Release|Any CPU
		{3DBB712F-D271-5799-CEBC-623ACE72FE1F}.Release|Any CPU.Build.0 = Release|Any CPU
		{0AF07B1D-A2A8-8F38-1185-0D2351EA8A6A}.Debug|Any CPU.ActiveCfg = Debug|Any CPU
		{0AF07B1D-A2A8-8F38-1185-0D2351EA8A6A}.Debug|Any CPU.Build.0 = Debug|Any CPU
		{0AF07B1D-A2A8-8F38-1185-0D2351EA8A6A}.Release|Any CPU.ActiveCfg = Release|Any CPU
		{0AF07B1D-A2A8-8F38-1185-0D2351EA8A6A}.Release|Any CPU.Build.0 = Release|Any CPU
	EndGlobalSection
	GlobalSection(SolutionProperties) = preSolution
		HideSolutionNode = FALSE
	EndGlobalSection
	GlobalSection(NestedProjects) = preSolution
		{23C095D9-5F72-4086-AEC3-18EB5557B904} = {EE4591F3-A643-48B8-A378-624DF4CB6394}
		{3FD79930-F7E6-499A-AD35-867C044728C4} = {8377506A-7CF3-4F8F-9DD5-5CE8A66B4B42}
		{55F983FF-E75F-420F-AEAA-6809688C7427} = {8377506A-7CF3-4F8F-9DD5-5CE8A66B4B42}
		{4444054A-A848-4708-8F5B-17EEBF9B1CA0} = {EE4591F3-A643-48B8-A378-624DF4CB6394}
		{6E0E6C34-CBAB-48EE-9A5C-39D40E4E9ACD} = {563909B7-5F9F-4E92-A01E-4B306DF190A9}
		{500F80CE-62F7-4E20-9586-366C069511BF} = {EE4591F3-A643-48B8-A378-624DF4CB6394}
		{72C71DCE-4E54-41E4-8658-BAC7EC5B46FC} = {8377506A-7CF3-4F8F-9DD5-5CE8A66B4B42}
		{BF255ADE-4FED-860E-6704-4D4B14D01A6F} = {563909B7-5F9F-4E92-A01E-4B306DF190A9}
		{3DBB712F-D271-5799-CEBC-623ACE72FE1F} = {EE4591F3-A643-48B8-A378-624DF4CB6394}
		{0AF07B1D-A2A8-8F38-1185-0D2351EA8A6A} = {78F3BFBD-792B-4D22-BFE8-5024284733C9}
	EndGlobalSection
	GlobalSection(ExtensibilityGlobals) = postSolution
		SolutionGuid = {C918B561-B888-4A59-8EE2-3B9DAE8E3302}
	EndGlobalSection
EndGlobal
