
Microsoft Visual Studio Solution File, Format Version 12.00
# Visual Studio Version 17
VisualStudioVersion = 17.0.31606.5
MinimumVisualStudioVersion = 10.0.40219.1
Project("{9A19103F-16F7-4668-BE54-9A1E7A4F7556}") = "ReLiveWP.Services.Activation", "ReLiveWP.Services.Activation\ReLiveWP.Services.Activation.csproj", "{23C095D9-5F72-4086-AEC3-18EB5557B904}"
EndProject
Project("{9A19103F-16F7-4668-BE54-9A1E7A4F7556}") = "ReLiveWP.Push", "ReLiveWP.Push\ReLiveWP.Push.csproj", "{7C4B6C3A-56DD-45BB-B485-F6AD050CCE99}"
EndProject
Project("{FAE04EC0-301F-11D3-BF4B-00C04F79EFBC}") = "ReLiveWP.Backend.Identity", "ReLiveWP.Backend.Identity\ReLiveWP.Backend.Identity.csproj", "{3FD79930-F7E6-499A-AD35-867C044728C4}"
EndProject
Project("{FAE04EC0-301F-11D3-BF4B-00C04F79EFBC}") = "ReLiveWP.Backend.DeviceRegistration", "ReLiveWP.Backend.DeviceRegistration\ReLiveWP.Backend.DeviceRegistration.csproj", "{55F983FF-E75F-420F-AEAA-6809688C7427}"
EndProject
Project("{FAE04EC0-301F-11D3-BF4B-00C04F79EFBC}") = "ReLiveWP.Backend.DeviceProvisioning", "ReLiveWP.Backend.DeviceProvisioning\ReLiveWP.Backend.DeviceProvisioning.csproj", "{8A04996F-5105-288E-0D58-41B31D1187E2}"
EndProject
Project("{FAE04EC0-301F-11D3-BF4B-00C04F79EFBC}") = "ReLiveWP.Services.ClientConfiguration", "ReLiveWP.Services.ClientConfiguration\ReLiveWP.Services.ClientConfiguration.csproj", "{4444054A-A848-4708-8F5B-17EEBF9B1CA0}"
EndProject
Project("{FAE04EC0-301F-11D3-BF4B-00C04F79EFBC}") = "ReLiveWP.Identity", "ReLiveWP.Identity\ReLiveWP.Identity.csproj", "{6E0E6C34-CBAB-48EE-9A5C-39D40E4E9ACD}"
EndProject
Project("{FAE04EC0-301F-11D3-BF4B-00C04F79EFBC}") = "ReLiveWP.Services.Login", "ReLiveWP.Services.Login\ReLiveWP.Services.Login.csproj", "{500F80CE-62F7-4E20-9586-366C069511BF}"
EndProject
Project("{2150E333-8FDC-42A3-9474-1A3956D46DE8}") = "Identity", "Identity", "{CF11D6CD-B0BF-4326-B489-2047A923AEC2}"
EndProject
Project("{2150E333-8FDC-42A3-9474-1A3956D46DE8}") = "Activation", "Activation", "{AF805DF8-E076-41BD-9C80-9309F31FDC58}"
EndProject
Project("{2150E333-8FDC-42A3-9474-1A3956D46DE8}") = "Update", "Update", "{02EA681E-C7D8-13C7-8484-4AC65E1B71E8}"
EndProject
Project("{2150E333-8FDC-42A3-9474-1A3956D46DE8}") = "Watson", "Watson", "{8BA221CB-EBEB-4FB8-B04F-5511F5F9A25A}"
EndProject
Project("{FAE04EC0-301F-11D3-BF4B-00C04F79EFBC}") = "ReLiveWP.Backend.DeviceUpdate", "ReLiveWP.Backend.DeviceUpdate\ReLiveWP.Backend.DeviceUpdate.csproj", "{72C71DCE-4E54-41E4-8658-BAC7EC5B46FC}"
EndProject
Project("{2150E333-8FDC-42A3-9474-1A3956D46DE8}") = "Zune", "Zune", "{78F3BFBD-792B-4D22-BFE8-5024284733C9}"
EndProject
Project("{FAE04EC0-301F-11D3-BF4B-00C04F79EFBC}") = "ReLiveWP.Zune.Commerce", "ReLiveWP.Zune.Login\ReLiveWP.Zune.Commerce.csproj", "{5B294BCC-6C33-427B-A712-EDFFEFF447F6}"
EndProject
Project("{FAE04EC0-301F-11D3-BF4B-00C04F79EFBC}") = "ReLiveWP.Zune", "ReLiveWP.Zune\ReLiveWP.Zune.csproj", "{BF255ADE-4FED-860E-6704-4D4B14D01A6F}"
EndProject
Global
	GlobalSection(SolutionConfigurationPlatforms) = preSolution
		Debug|Any CPU = Debug|Any CPU
		Release|Any CPU = Release|Any CPU
	EndGlobalSection
	GlobalSection(ProjectConfigurationPlatforms) = postSolution
		{23C095D9-5F72-4086-AEC3-18EB5557B904}.Debug|Any CPU.ActiveCfg = Debug|Any CPU
		{23C095D9-5F72-4086-AEC3-18EB5557B904}.Debug|Any CPU.Build.0 = Debug|Any CPU
		{23C095D9-5F72-4086-AEC3-18EB5557B904}.Release|Any CPU.ActiveCfg = Release|Any CPU
		{23C095D9-5F72-4086-AEC3-18EB5557B904}.Release|Any CPU.Build.0 = Release|Any CPU
		{7C4B6C3A-56DD-45BB-B485-F6AD050CCE99}.Debug|Any CPU.ActiveCfg = Debug|Any CPU
		{7C4B6C3A-56DD-45BB-B485-F6AD050CCE99}.Debug|Any CPU.Build.0 = Debug|Any CPU
		{7C4B6C3A-56DD-45BB-B485-F6AD050CCE99}.Release|Any CPU.ActiveCfg = Release|Any CPU
		{7C4B6C3A-56DD-45BB-B485-F6AD050CCE99}.Release|Any CPU.Build.0 = Release|Any CPU
		{3FD79930-F7E6-499A-AD35-867C044728C4}.Debug|Any CPU.ActiveCfg = Debug|Any CPU
		{3FD79930-F7E6-499A-AD35-867C044728C4}.Debug|Any CPU.Build.0 = Debug|Any CPU
		{3FD79930-F7E6-499A-AD35-867C044728C4}.Release|Any CPU.ActiveCfg = Release|Any CPU
		{3FD79930-F7E6-499A-AD35-867C044728C4}.Release|Any CPU.Build.0 = Release|Any CPU
		{55F983FF-E75F-420F-AEAA-6809688C7427}.Debug|Any CPU.ActiveCfg = Debug|Any CPU
		{55F983FF-E75F-420F-AEAA-6809688C7427}.Debug|Any CPU.Build.0 = Debug|Any CPU
		{55F983FF-E75F-420F-AEAA-6809688C7427}.Release|Any CPU.ActiveCfg = Release|Any CPU
		{55F983FF-E75F-420F-AEAA-6809688C7427}.Release|Any CPU.Build.0 = Release|Any CPU
		{8A04996F-5105-288E-0D58-41B31D1187E2}.Debug|Any CPU.ActiveCfg = Debug|Any CPU
		{8A04996F-5105-288E-0D58-41B31D1187E2}.Debug|Any CPU.Build.0 = Debug|Any CPU
		{8A04996F-5105-288E-0D58-41B31D1187E2}.Release|Any CPU.ActiveCfg = Release|Any CPU
		{8A04996F-5105-288E-0D58-41B31D1187E2}.Release|Any CPU.Build.0 = Release|Any CPU
		{4444054A-A848-4708-8F5B-17EEBF9B1CA0}.Debug|Any CPU.ActiveCfg = Debug|Any CPU
		{4444054A-A848-4708-8F5B-17EEBF9B1CA0}.Debug|Any CPU.Build.0 = Debug|Any CPU
		{4444054A-A848-4708-8F5B-17EEBF9B1CA0}.Release|Any CPU.ActiveCfg = Release|Any CPU
		{4444054A-A848-4708-8F5B-17EEBF9B1CA0}.Release|Any CPU.Build.0 = Release|Any CPU
		{6E0E6C34-CBAB-48EE-9A5C-39D40E4E9ACD}.Debug|Any CPU.ActiveCfg = Debug|Any CPU
		{6E0E6C34-CBAB-48EE-9A5C-39D40E4E9ACD}.Debug|Any CPU.Build.0 = Debug|Any CPU
		{6E0E6C34-CBAB-48EE-9A5C-39D40E4E9ACD}.Release|Any CPU.ActiveCfg = Release|Any CPU
		{6E0E6C34-CBAB-48EE-9A5C-39D40E4E9ACD}.Release|Any CPU.Build.0 = Release|Any CPU
		{500F80CE-62F7-4E20-9586-366C069511BF}.Debug|Any CPU.ActiveCfg = Debug|Any CPU
		{500F80CE-62F7-4E20-9586-366C069511BF}.Debug|Any CPU.Build.0 = Debug|Any CPU
		{500F80CE-62F7-4E20-9586-366C069511BF}.Release|Any CPU.ActiveCfg = Release|Any CPU
		{500F80CE-62F7-4E20-9586-366C069511BF}.Release|Any CPU.Build.0 = Release|Any CPU
		{72C71DCE-4E54-41E4-8658-BAC7EC5B46FC}.Debug|Any CPU.ActiveCfg = Debug|Any CPU
		{72C71DCE-4E54-41E4-8658-BAC7EC5B46FC}.Debug|Any CPU.Build.0 = Debug|Any CPU
		{72C71DCE-4E54-41E4-8658-BAC7EC5B46FC}.Release|Any CPU.ActiveCfg = Release|Any CPU
		{72C71DCE-4E54-41E4-8658-BAC7EC5B46FC}.Release|Any CPU.Build.0 = Release|Any CPU
		{5B294BCC-6C33-427B-A712-EDFFEFF447F6}.Debug|Any CPU.ActiveCfg = Debug|Any CPU
		{5B294BCC-6C33-427B-A712-EDFFEFF447F6}.Debug|Any CPU.Build.0 = Debug|Any CPU
		{5B294BCC-6C33-427B-A712-EDFFEFF447F6}.Release|Any CPU.ActiveCfg = Release|Any CPU
		{5B294BCC-6C33-427B-A712-EDFFEFF447F6}.Release|Any CPU.Build.0 = Release|Any CPU
		{BF255ADE-4FED-860E-6704-4D4B14D01A6F}.Debug|Any CPU.ActiveCfg = Debug|Any CPU
		{BF255ADE-4FED-860E-6704-4D4B14D01A6F}.Debug|Any CPU.Build.0 = Debug|Any CPU
		{BF255ADE-4FED-860E-6704-4D4B14D01A6F}.Release|Any CPU.ActiveCfg = Release|Any CPU
		{BF255ADE-4FED-860E-6704-4D4B14D01A6F}.Release|Any CPU.Build.0 = Release|Any CPU
	EndGlobalSection
	GlobalSection(SolutionProperties) = preSolution
		HideSolutionNode = FALSE
	EndGlobalSection
	GlobalSection(NestedProjects) = preSolution
		{23C095D9-5F72-4086-AEC3-18EB5557B904} = {AF805DF8-E076-41BD-9C80-9309F31FDC58}
		{3FD79930-F7E6-499A-AD35-867C044728C4} = {CF11D6CD-B0BF-4326-B489-2047A923AEC2}
		{55F983FF-E75F-420F-AEAA-6809688C7427} = {AF805DF8-E076-41BD-9C80-9309F31FDC58}
		{8A04996F-5105-288E-0D58-41B31D1187E2} = {AF805DF8-E076-41BD-9C80-9309F31FDC58}
		{4444054A-A848-4708-8F5B-17EEBF9B1CA0} = {CF11D6CD-B0BF-4326-B489-2047A923AEC2}
		{6E0E6C34-CBAB-48EE-9A5C-39D40E4E9ACD} = {CF11D6CD-B0BF-4326-B489-2047A923AEC2}
		{500F80CE-62F7-4E20-9586-366C069511BF} = {CF11D6CD-B0BF-4326-B489-2047A923AEC2}
		{72C71DCE-4E54-41E4-8658-BAC7EC5B46FC} = {02EA681E-C7D8-13C7-8484-4AC65E1B71E8}
		{5B294BCC-6C33-427B-A712-EDFFEFF447F6} = {78F3BFBD-792B-4D22-BFE8-5024284733C9}
		{BF255ADE-4FED-860E-6704-4D4B14D01A6F} = {78F3BFBD-792B-4D22-BFE8-5024284733C9}
	EndGlobalSection
	GlobalSection(ExtensibilityGlobals) = postSolution
		SolutionGuid = {C918B561-B888-4A59-8EE2-3B9DAE8E3302}
	EndGlobalSection
EndGlobal
